{
  "version": 4,
  "terraform_version": "1.4.6",
  "serial": 1,
  "lineage": "a687358b-b403-0d02-1c9e-9b360ee2dcff",
  "outputs": {
    "lb_publicip": {
      "value": null,
      "type": "string"
    },
    "location": {
      "value": "francecentral",
      "type": "string"
    },
    "private_ip_vm1": {
      "value": null,
      "type": "dynamic"
    },
    "private_ip_vm2": {
      "value": null,
      "type": "dynamic"
    },
    "resource_group": {
      "value": "anne-brief12-rg",
      "type": "string"
    }
  },
  "resources": [
    {
      "mode": "managed",
      "type": "azurerm_resource_group",
      "name": "anne_terraform_rg",
      "provider": "provider[\"registry.terraform.io/hashicorp/azurerm\"]",
      "instances": [
        {
          "schema_version": 0,
          "attributes": {
            "id": "/subscriptions/393e3de3-0900-4b72-8f1b-fb3b1d6b97f1/resourceGroups/anne-brief12-rg",
            "location": "francecentral",
            "name": "anne-brief12-rg",
            "tags": {},
            "timeouts": {
              "create": null,
              "delete": null,
              "read": null,
              "update": null
            }
          },
          "sensitive_attributes": [],
          "private": "eyJlMmJmYjczMC1lY2FhLTExZTYtOGY4OC0zNDM2M2JjN2M0YzAiOnsiY3JlYXRlIjo1NDAwMDAwMDAwMDAwLCJkZWxldGUiOjU0MDAwMDAwMDAwMDAsInJlYWQiOjMwMDAwMDAwMDAwMCwidXBkYXRlIjo1NDAwMDAwMDAwMDAwfSwic2NoZW1hX3ZlcnNpb24iOiIwIn0="
        }
      ]
    }
  ],
  "check_results": null
}
